
Microsoft Visual Studio Solution File, Format Version 12.00
# Visual Studio 15
VisualStudioVersion = 15.0.26730.12
MinimumVisualStudioVersion = 10.0.40219.1
Project("{FAE04EC0-301F-11D3-BF4B-00C04F79EFBC}") = "WebCrawler", "WebCrawler\WebCrawler.csproj", "{0D79D036-B74F-4515-B520-5C3B7454685C}"
EndProject
Project("{FAE04EC0-301F-11D3-BF4B-00C04F79EFBC}") = "WebCrawler.Console", "WebCrawler.Console\WebCrawler.Console.csproj", "{38F90F27-39D0-4F10-9A85-61273DC9F8CD}"
EndProject
Project("{FAE04EC0-301F-11D3-BF4B-00C04F79EFBC}") = "WebCrawler.Site", "WebCrawler.Site\WebCrawler.Site.csproj", "{1025D5B3-E89C-4D89-97EE-D6070F9C391F}"
EndProject
Global
	GlobalSection(SolutionConfigurationPlatforms) = preSolution
		Debug|Any CPU = Debug|Any CPU
		Release|Any CPU = Release|Any CPU
	EndGlobalSection
	GlobalSection(ProjectConfigurationPlatforms) = postSolution
		{0D79D036-B74F-4515-B520-5C3B7454685C}.Debug|Any CPU.ActiveCfg = Debug|Any CPU
		{0D79D036-B74F-4515-B520-5C3B7454685C}.Debug|Any CPU.Build.0 = Debug|Any CPU
		{0D79D036-B74F-4515-B520-5C3B7454685C}.Release|Any CPU.ActiveCfg = Release|Any CPU
		{0D79D036-B74F-4515-B520-5C3B7454685C}.Release|Any CPU.Build.0 = Release|Any CPU
		{38F90F27-39D0-4F10-9A85-61273DC9F8CD}.Debug|Any CPU.ActiveCfg = Debug|Any CPU
		{38F90F27-39D0-4F10-9A85-61273DC9F8CD}.Debug|Any CPU.Build.0 = Debug|Any CPU
		{38F90F27-39D0-4F10-9A85-61273DC9F8CD}.Release|Any CPU.ActiveCfg = Release|Any CPU
		{38F90F27-39D0-4F10-9A85-61273DC9F8CD}.Release|Any CPU.Build.0 = Release|Any CPU
		{1025D5B3-E89C-4D89-97EE-D6070F9C391F}.Debug|Any CPU.ActiveCfg = Debug|Any CPU
		{1025D5B3-E89C-4D89-97EE-D6070F9C391F}.Debug|Any CPU.Build.0 = Debug|Any CPU
		{1025D5B3-E89C-4D89-97EE-D6070F9C391F}.Release|Any CPU.ActiveCfg = Release|Any CPU
		{1025D5B3-E89C-4D89-97EE-D6070F9C391F}.Release|Any CPU.Build.0 = Release|Any CPU
	EndGlobalSection
	GlobalSection(SolutionProperties) = preSolution
		HideSolutionNode = FALSE
	EndGlobalSection
	GlobalSection(ExtensibilityGlobals) = postSolution
		SolutionGuid = {CFCC977E-1F9E-421B-A25D-72427E5E501F}
	EndGlobalSection
EndGlobal
